
Microsoft Visual Studio Solution File, Format Version 12.00
# Visual Studio Version 16
VisualStudioVersion = 16.0.31624.102
MinimumVisualStudioVersion = 10.0.40219.1
Project("{FAE04EC0-301F-11D3-BF4B-00C04F79EFBC}") = "ООП", "ООП\ООП.csproj", "{0BA96F54-2C24-4385-B5DA-A691291ECADB}"
EndProject
Global
	GlobalSection(SolutionConfigurationPlatforms) = preSolution
		Debug|Any CPU = Debug|Any CPU
		Release|Any CPU = Release|Any CPU
	EndGlobalSection
	GlobalSection(ProjectConfigurationPlatforms) = postSolution
		{0BA96F54-2C24-4385-B5DA-A691291ECADB}.Debug|Any CPU.ActiveCfg = Debug|Any CPU
		{0BA96F54-2C24-4385-B5DA-A691291ECADB}.Debug|Any CPU.Build.0 = Debug|Any CPU
		{0BA96F54-2C24-4385-B5DA-A691291ECADB}.Release|Any CPU.ActiveCfg = Release|Any CPU
		{0BA96F54-2C24-4385-B5DA-A691291ECADB}.Release|Any CPU.Build.0 = Release|Any CPU
	EndGlobalSection
	GlobalSection(SolutionProperties) = preSolution
		HideSolutionNode = FALSE
	EndGlobalSection
	GlobalSection(ExtensibilityGlobals) = postSolution
		SolutionGuid = {47C0B999-ECF6-4E5E-BA8A-BC2A80EC0482}
	EndGlobalSection
EndGlobal
